PODS:
  - Charts (3.6.0):
    - Charts/Core (= 3.6.0)
  - Charts/Core (3.6.0)
  - lottie-ios (3.3.0)
  - PaddingLabel (1.2)
  - SDWebImage (5.12.3):
    - SDWebImage/Core (= 5.12.3)
  - SDWebImage/Core (5.12.3)
  - SnapKit (5.0.1)
  - SQLite.swift (0.13.2):
    - SQLite.swift/standard (= 0.13.2)
  - SQLite.swift/standard (0.13.2)
  - SwifterSwift (5.0.0):
    - SwifterSwift/AppKit (= 5.0.0)
    - SwifterSwift/CoreGraphics (= 5.0.0)
    - SwifterSwift/CoreLocation (= 5.0.0)
    - SwifterSwift/Dispatch (= 5.0.0)
    - SwifterSwift/Foundation (= 5.0.0)
    - SwifterSwift/MapKit (= 5.0.0)
    - SwifterSwift/SpriteKit (= 5.0.0)
    - SwifterSwift/SwiftStdlib (= 5.0.0)
    - SwifterSwift/UIKit (= 5.0.0)
  - SwifterSwift/AppKit (5.0.0)
  - SwifterSwift/CoreGraphics (5.0.0)
  - SwifterSwift/CoreLocation (5.0.0)
  - SwifterSwift/Dispatch (5.0.0)
  - SwifterSwift/Foundation (5.0.0)
  - SwifterSwift/MapKit (5.0.0)
  - SwifterSwift/SpriteKit (5.0.0)
  - SwifterSwift/SwiftStdlib (5.0.0)
  - SwifterSwift/UIKit (5.0.0)
  - SwiftGen (6.5.1)
  - SwiftLint (0.35.0)
  - SwiftyBeaver (1.7.1)
  - TBEmptyDataSet (3.0)

DEPENDENCIES:
  - Charts
  - lottie-ios
  - PaddingLabel (= 1.2)
  - SDWebImage
  - SnapKit
  - SQLite.swift
  - SwifterSwift
  - SwiftGen
  - SwiftLint
  - SwiftyBeaver
  - TBEmptyDataSet

SPEC REPOS:
  trunk:
    - Charts
    - lottie-ios
    - PaddingLabel
    - SDWebImage
    - SnapKit
    - SQLite.swift
    - SwifterSwift
    - SwiftGen
    - SwiftLint
    - SwiftyBeaver
    - TBEmptyDataSet

SPEC CHECKSUMS:
  Charts: b1e3a1f5a1c9ba5394438ca3b91bd8c9076310af
  lottie-ios: 6ac74dcc09904798f59b18cb3075c089d76be9ae
  PaddingLabel: 21ab5282c780366018b04c30e3920c2f55a2fd14
  SDWebImage: 53179a2dba77246efa8a9b85f5c5b21f8f43e38f
  SnapKit: 97b92857e3df3a0c71833cce143274bf6ef8e5eb
  SQLite.swift: 4fc2be46c36392e3b87afe6fe7f1801c1daa07ef
  SwifterSwift: 96f90594b370802f01647c2b1229c74a84ffafee
  SwiftGen: a6d22010845f08fe18fbdf3a07a8e380fd22e0ea
  SwiftLint: 5553187048b900c91aa03552807681bb6b027846
  SwiftyBeaver: da5e573ad583586c18236324c36900990afe1733
  TBEmptyDataSet: 349add79095bf66d0d11ef9464edd1a8cf5354b5

PODFILE CHECKSUM: 02508fc14ed051a76247ca11da8653707a4cc1c6

COCOAPODS: 1.11.2
