// !$*UTF8*$!
{
	archiveVersion = 1;
	classes = {
	};
	objectVersion = 51;
	objects = {

/* Begin PBXBuildFile section */
		1B0BFAFC233628850054E28A /* AppDelegate.swift in Sources */ = {isa = PBXBuildFile; fileRef = 1B0BFAFB233628850054E28A /* AppDelegate.swift */; };
		1B0BFB05233628870054E28A /* Assets.xcassets in Resources */ = {isa = PBXBuildFile; fileRef = 1B0BFB04233628870054E28A /* Assets.xcassets */; };
		1B0BFB08233628870054E28A /* LaunchScreen.storyboard in Resources */ = {isa = PBXBuildFile; fileRef = 1B0BFB06233628870054E28A /* LaunchScreen.storyboard */; };
		1B0BFB30233629890054E28A /* Initializable.swift in Sources */ = {isa = PBXBuildFile; fileRef = 1B0BFB2F233629890054E28A /* Initializable.swift */; };
		1B0BFB3923362A000054E28A /* ViewInterface.swift in Sources */ = {isa = PBXBuildFile; fileRef = 1B0BFB33233629FF0054E28A /* ViewInterface.swift */; };
		1B0BFB3A23362A000054E28A /* UIStoryboardExtension.swift in Sources */ = {isa = PBXBuildFile; fileRef = 1B0BFB34233629FF0054E28A /* UIStoryboardExtension.swift */; };
		1B0BFB3B23362A000054E28A /* BaseWireframe.swift in Sources */ = {isa = PBXBuildFile; fileRef = 1B0BFB35233629FF0054E28A /* BaseWireframe.swift */; };
		1B0BFB3C23362A000054E28A /* InteractorInterface.swift in Sources */ = {isa = PBXBuildFile; fileRef = 1B0BFB36233629FF0054E28A /* InteractorInterface.swift */; };
		1B0BFB3D23362A000054E28A /* FormatterInterface.swift in Sources */ = {isa = PBXBuildFile; fileRef = 1B0BFB37233629FF0054E28A /* FormatterInterface.swift */; };
		1B0BFB3E23362A000054E28A /* PresenterInterface.swift in Sources */ = {isa = PBXBuildFile; fileRef = 1B0BFB3823362A000054E28A /* PresenterInterface.swift */; };
		1B0BFB4123362B240054E28A /* BaseNavigationController.swift in Sources */ = {isa = PBXBuildFile; fileRef = 1B0BFB4023362B240054E28A /* BaseNavigationController.swift */; };
		1B0BFB4523362B740054E28A /* BaseResponse.swift in Sources */ = {isa = PBXBuildFile; fileRef = 1B0BFB4223362B740054E28A /* BaseResponse.swift */; };
		1B0BFB4623362B740054E28A /* BaseViewController.swift in Sources */ = {isa = PBXBuildFile; fileRef = 1B0BFB4323362B740054E28A /* BaseViewController.swift */; };
		1B0BFB4723362B740054E28A /* BaseTabbarProtocolController.swift in Sources */ = {isa = PBXBuildFile; fileRef = 1B0BFB4423362B740054E28A /* BaseTabbarProtocolController.swift */; };
		1B0BFB4A23362ECE0054E28A /* TabbarProtocol.swift in Sources */ = {isa = PBXBuildFile; fileRef = 1B0BFB4923362ECE0054E28A /* TabbarProtocol.swift */; };
		1B0BFB4D23362F950054E28A /* LoggerInitializer.swift in Sources */ = {isa = PBXBuildFile; fileRef = 1B0BFB4C23362F950054E28A /* LoggerInitializer.swift */; };
		1B0BFB562336303F0054E28A /* TabbarPresenter.swift in Sources */ = {isa = PBXBuildFile; fileRef = 1B0BFB502336303F0054E28A /* TabbarPresenter.swift */; };
		1B0BFB572336303F0054E28A /* TabbarViewController.swift in Sources */ = {isa = PBXBuildFile; fileRef = 1B0BFB512336303F0054E28A /* TabbarViewController.swift */; };
		1B0BFB582336303F0054E28A /* TabbarInterfaces.swift in Sources */ = {isa = PBXBuildFile; fileRef = 1B0BFB522336303F0054E28A /* TabbarInterfaces.swift */; };
		1B0BFB592336303F0054E28A /* TabbarWireframe.swift in Sources */ = {isa = PBXBuildFile; fileRef = 1B0BFB532336303F0054E28A /* TabbarWireframe.swift */; };
		1B0BFB5A2336303F0054E28A /* Tabbar.storyboard in Resources */ = {isa = PBXBuildFile; fileRef = 1B0BFB542336303F0054E28A /* Tabbar.storyboard */; };
		1B0BFB5B2336303F0054E28A /* TabbarInteractor.swift in Sources */ = {isa = PBXBuildFile; fileRef = 1B0BFB552336303F0054E28A /* TabbarInteractor.swift */; };
		1B0BFB63233632C60054E28A /* RestClient.swift in Sources */ = {isa = PBXBuildFile; fileRef = 1B0BFB62233632C60054E28A /* RestClient.swift */; };
		1BB2479223E6ED0500EBFD39 /* APIError.swift in Sources */ = {isa = PBXBuildFile; fileRef = 1BB2479123E6ED0500EBFD39 /* APIError.swift */; };
		1BB2479523E6EE8000EBFD39 /* DataExtensions.swift in Sources */ = {isa = PBXBuildFile; fileRef = 1BB2479423E6EE8000EBFD39 /* DataExtensions.swift */; };
		1BCCB16227EF167F003FB3E8 /* UIApplication+Extensions.swift in Sources */ = {isa = PBXBuildFile; fileRef = 1BCCB16127EF167F003FB3E8 /* UIApplication+Extensions.swift */; };
		1BDD46A223AFFEAE0020AC54 /* Constants.swift in Sources */ = {isa = PBXBuildFile; fileRef = 1BDD46A123AFFEAE0020AC54 /* Constants.swift */; };
		3702619227DF1F9400965843 /* FightInterfaces.swift in Sources */ = {isa = PBXBuildFile; fileRef = 3702618D27DF1F9400965843 /* FightInterfaces.swift */; };
		3702619327DF1F9400965843 /* FightPresenter.swift in Sources */ = {isa = PBXBuildFile; fileRef = 3702618E27DF1F9400965843 /* FightPresenter.swift */; };
		3702619427DF1F9400965843 /* FightViewController.swift in Sources */ = {isa = PBXBuildFile; fileRef = 3702618F27DF1F9400965843 /* FightViewController.swift */; };
		3702619527DF1F9400965843 /* FightInteractor.swift in Sources */ = {isa = PBXBuildFile; fileRef = 3702619027DF1F9400965843 /* FightInteractor.swift */; };
		3702619627DF1F9400965843 /* FightWireframe.swift in Sources */ = {isa = PBXBuildFile; fileRef = 3702619127DF1F9400965843 /* FightWireframe.swift */; };
		3717C89C27EDCFD2000868F2 /* bomb-explode.json in Resources */ = {isa = PBXBuildFile; fileRef = 3717C89B27EDCFD2000868F2 /* bomb-explode.json */; };
		3717C89E27EDE736000868F2 /* StackView+Ext.swift in Sources */ = {isa = PBXBuildFile; fileRef = 3717C89D27EDE736000868F2 /* StackView+Ext.swift */; };
		3717C8A027EDFA15000868F2 /* PointsStackView.swift in Sources */ = {isa = PBXBuildFile; fileRef = 3717C89F27EDFA15000868F2 /* PointsStackView.swift */; };
		3717C8A227EDFD85000868F2 /* FightersView.swift in Sources */ = {isa = PBXBuildFile; fileRef = 3717C8A127EDFD85000868F2 /* FightersView.swift */; };
		3717C8A727EE0D2D000868F2 /* WinnerLoserView.swift in Sources */ = {isa = PBXBuildFile; fileRef = 3717C8A627EE0D2D000868F2 /* WinnerLoserView.swift */; };
		371D73C127D0C60800BF93EB /* RestClient+Superheroes.swift in Sources */ = {isa = PBXBuildFile; fileRef = 371D73C027D0C60800BF93EB /* RestClient+Superheroes.swift */; };
		371D73C327D0C9CD00BF93EB /* Superheroes.swift in Sources */ = {isa = PBXBuildFile; fileRef = 371D73C227D0C9CD00BF93EB /* Superheroes.swift */; };
		371D73C527D0C9F400BF93EB /* Appearance.swift in Sources */ = {isa = PBXBuildFile; fileRef = 371D73C427D0C9F400BF93EB /* Appearance.swift */; };
		371D73C727D0CA3B00BF93EB /* Biography.swift in Sources */ = {isa = PBXBuildFile; fileRef = 371D73C627D0CA3B00BF93EB /* Biography.swift */; };
		371D73C927D0CA5700BF93EB /* Connections.swift in Sources */ = {isa = PBXBuildFile; fileRef = 371D73C827D0CA5700BF93EB /* Connections.swift */; };
		371D73CB27D0CA6A00BF93EB /* Image.swift in Sources */ = {isa = PBXBuildFile; fileRef = 371D73CA27D0CA6A00BF93EB /* Image.swift */; };
		371D73CD27D0CA7F00BF93EB /* Powerstats.swift in Sources */ = {isa = PBXBuildFile; fileRef = 371D73CC27D0CA7F00BF93EB /* Powerstats.swift */; };
		371D73CF27D0CA9200BF93EB /* Work.swift in Sources */ = {isa = PBXBuildFile; fileRef = 371D73CE27D0CA9200BF93EB /* Work.swift */; };
		371D73D127D0D34200BF93EB /* Heroes.swift in Sources */ = {isa = PBXBuildFile; fileRef = 371D73D027D0D34200BF93EB /* Heroes.swift */; };
		371D73D327D0FD5200BF93EB /* RestClient+Typealias.swift in Sources */ = {isa = PBXBuildFile; fileRef = 371D73D227D0FD5200BF93EB /* RestClient+Typealias.swift */; };
		371D73D927D102AF00BF93EB /* DetailInterfaces.swift in Sources */ = {isa = PBXBuildFile; fileRef = 371D73D427D102AF00BF93EB /* DetailInterfaces.swift */; };
		371D73DA27D102AF00BF93EB /* DetailPresenter.swift in Sources */ = {isa = PBXBuildFile; fileRef = 371D73D527D102AF00BF93EB /* DetailPresenter.swift */; };
		371D73DB27D102AF00BF93EB /* DetailViewController.swift in Sources */ = {isa = PBXBuildFile; fileRef = 371D73D627D102AF00BF93EB /* DetailViewController.swift */; };
		371D73DC27D102AF00BF93EB /* DetailInteractor.swift in Sources */ = {isa = PBXBuildFile; fileRef = 371D73D727D102AF00BF93EB /* DetailInteractor.swift */; };
		371D73DD27D102AF00BF93EB /* DetailWireframe.swift in Sources */ = {isa = PBXBuildFile; fileRef = 371D73D827D102AF00BF93EB /* DetailWireframe.swift */; };
		372301F127D9EF04008C5853 /* CircleShapeView.swift in Sources */ = {isa = PBXBuildFile; fileRef = 372301F027D9EF04008C5853 /* CircleShapeView.swift */; };
		372301F327DA23AB008C5853 /* CirclesStackView.swift in Sources */ = {isa = PBXBuildFile; fileRef = 372301F227DA23AB008C5853 /* CirclesStackView.swift */; };
		37268E6B27CF679B0000F942 /* Colors.xcassets in Resources */ = {isa = PBXBuildFile; fileRef = 37268E6A27CF679B0000F942 /* Colors.xcassets */; };
		37268E6E27CF6AC60000F942 /* swiftgen.yml in Resources */ = {isa = PBXBuildFile; fileRef = 37268E6D27CF6AC60000F942 /* swiftgen.yml */; };
		37268E7427CF6D390000F942 /* Images.swift in Sources */ = {isa = PBXBuildFile; fileRef = 37268E7227CF6D390000F942 /* Images.swift */; };
		37268E7527CF6D390000F942 /* Colors.swift in Sources */ = {isa = PBXBuildFile; fileRef = 37268E7327CF6D390000F942 /* Colors.swift */; };
		37268E7C27CF6DCF0000F942 /* SearchInterfaces.swift in Sources */ = {isa = PBXBuildFile; fileRef = 37268E7727CF6DCF0000F942 /* SearchInterfaces.swift */; };
		37268E7D27CF6DCF0000F942 /* SearchPresenter.swift in Sources */ = {isa = PBXBuildFile; fileRef = 37268E7827CF6DCF0000F942 /* SearchPresenter.swift */; };
		37268E7E27CF6DCF0000F942 /* SearchViewController.swift in Sources */ = {isa = PBXBuildFile; fileRef = 37268E7927CF6DCF0000F942 /* SearchViewController.swift */; };
		37268E7F27CF6DCF0000F942 /* SearchInteractor.swift in Sources */ = {isa = PBXBuildFile; fileRef = 37268E7A27CF6DCF0000F942 /* SearchInteractor.swift */; };
		37268E8027CF6DCF0000F942 /* SearchWireframe.swift in Sources */ = {isa = PBXBuildFile; fileRef = 37268E7B27CF6DCF0000F942 /* SearchWireframe.swift */; };
		37268E8227CF6E2A0000F942 /* ViewControllerPreview.swift in Sources */ = {isa = PBXBuildFile; fileRef = 37268E8127CF6E2A0000F942 /* ViewControllerPreview.swift */; };
		37268E8727CF722D0000F942 /* String.swift in Sources */ = {isa = PBXBuildFile; fileRef = 37268E8627CF722D0000F942 /* String.swift */; };
		37268E9027CF74A00000F942 /* Localizable.strings in Resources */ = {isa = PBXBuildFile; fileRef = 37268E9227CF74A00000F942 /* Localizable.strings */; };
		37268E9A27CF75CB0000F942 /* FavoritesInterfaces.swift in Sources */ = {isa = PBXBuildFile; fileRef = 37268E9527CF75CB0000F942 /* FavoritesInterfaces.swift */; };
		37268E9B27CF75CB0000F942 /* FavoritesPresenter.swift in Sources */ = {isa = PBXBuildFile; fileRef = 37268E9627CF75CB0000F942 /* FavoritesPresenter.swift */; };
		37268E9C27CF75CB0000F942 /* FavoritesViewController.swift in Sources */ = {isa = PBXBuildFile; fileRef = 37268E9727CF75CB0000F942 /* FavoritesViewController.swift */; };
		37268E9D27CF75CB0000F942 /* FavoritesInteractor.swift in Sources */ = {isa = PBXBuildFile; fileRef = 37268E9827CF75CB0000F942 /* FavoritesInteractor.swift */; };
		37268E9E27CF75CB0000F942 /* FavoritesWireframe.swift in Sources */ = {isa = PBXBuildFile; fileRef = 37268E9927CF75CB0000F942 /* FavoritesWireframe.swift */; };
		37268EAC27CF85C70000F942 /* Strings.swift in Sources */ = {isa = PBXBuildFile; fileRef = 37268EAB27CF85C70000F942 /* Strings.swift */; };
		37268EC627CF99970000F942 /* SearchedCollectionViewCell.swift in Sources */ = {isa = PBXBuildFile; fileRef = 37268EC527CF99970000F942 /* SearchedCollectionViewCell.swift */; };
		37268EC827CFA5220000F942 /* EmptyView.swift in Sources */ = {isa = PBXBuildFile; fileRef = 37268EC727CFA5220000F942 /* EmptyView.swift */; };
		374B9B7327D6326D001BF4A5 /* Devices.swift in Sources */ = {isa = PBXBuildFile; fileRef = 374B9B7227D6326D001BF4A5 /* Devices.swift */; };
		374B9B7627D6367C001BF4A5 /* CharacteristicsView.swift in Sources */ = {isa = PBXBuildFile; fileRef = 374B9B7527D6367C001BF4A5 /* CharacteristicsView.swift */; };
		374B9B7827D637C1001BF4A5 /* InfoView.swift in Sources */ = {isa = PBXBuildFile; fileRef = 374B9B7727D637C1001BF4A5 /* InfoView.swift */; };
		3759BC5B27E4BEE300F1D915 /* FighterSelectorButton.swift in Sources */ = {isa = PBXBuildFile; fileRef = 3759BC5A27E4BEE300F1D915 /* FighterSelectorButton.swift */; };
		3759BC5E27E4C6D500F1D915 /* UIView+Ext.swift in Sources */ = {isa = PBXBuildFile; fileRef = 3759BC5D27E4C6D500F1D915 /* UIView+Ext.swift */; };
		375D6D4927E9BB610052389A /* Comments.swift in Sources */ = {isa = PBXBuildFile; fileRef = 375D6D4827E9BB610052389A /* Comments.swift */; };
		377CFF0927D2436200BA3A31 /* StatButton.swift in Sources */ = {isa = PBXBuildFile; fileRef = 377CFF0827D2436200BA3A31 /* StatButton.swift */; };
		3798864927D79E9E00B8FBF5 /* GradientView.swift in Sources */ = {isa = PBXBuildFile; fileRef = 3798864827D79E9E00B8FBF5 /* GradientView.swift */; };
		37AE99A727ECAF7B0065184E /* empty.json in Resources */ = {isa = PBXBuildFile; fileRef = 37AE99A427ECAF7A0065184E /* empty.json */; };
		37AE99A827ECAF7B0065184E /* fight.json in Resources */ = {isa = PBXBuildFile; fileRef = 37AE99A527ECAF7A0065184E /* fight.json */; };
		37B5ED3F27E1CC8B00A28FEB /* DatabaseManager.swift in Sources */ = {isa = PBXBuildFile; fileRef = 37B5ED3E27E1CC8B00A28FEB /* DatabaseManager.swift */; };
		37B5ED4427E1CF0400A28FEB /* BoolCompletition.swift in Sources */ = {isa = PBXBuildFile; fileRef = 37B5ED4327E1CF0400A28FEB /* BoolCompletition.swift */; };
		37BDADE027D8D3F200C3AE2F /* NSTextAttachment.swift in Sources */ = {isa = PBXBuildFile; fileRef = 37BDADDF27D8D3F200C3AE2F /* NSTextAttachment.swift */; };
		37CAEE1827E4702100E06B61 /* AlertViewController.swift in Sources */ = {isa = PBXBuildFile; fileRef = 37CAEE1727E4702100E06B61 /* AlertViewController.swift */; };
		37E7F9EB27E85EB700BA303C /* FavoriteFightersCollectionViewCell.swift in Sources */ = {isa = PBXBuildFile; fileRef = 37E7F9EA27E85EB700BA303C /* FavoriteFightersCollectionViewCell.swift */; };
		37ED519327DB5A4300E96829 /* SpiderWebChartView.swift in Sources */ = {isa = PBXBuildFile; fileRef = 37ED519227DB5A4300E96829 /* SpiderWebChartView.swift */; };
		37EFE0AA27D1F594008F28EF /* Fonts.swift in Sources */ = {isa = PBXBuildFile; fileRef = 37EFE0A927D1F594008F28EF /* Fonts.swift */; };
		37EFE0AB27D1F6F0008F28EF /* Gotham-Black.otf in Resources */ = {isa = PBXBuildFile; fileRef = 37EFE0A227D1F56C008F28EF /* Gotham-Black.otf */; };
		37EFE0AC27D1F6F0008F28EF /* Gotham-BlackItalic.otf in Resources */ = {isa = PBXBuildFile; fileRef = 37EFE0A627D1F56C008F28EF /* Gotham-BlackItalic.otf */; };
		37EFE0AD27D1F6F0008F28EF /* Gotham-Bold.otf in Resources */ = {isa = PBXBuildFile; fileRef = 37EFE0A127D1F56C008F28EF /* Gotham-Bold.otf */; };
		37EFE0AE27D1F6F0008F28EF /* Gotham-BoldItalic.otf in Resources */ = {isa = PBXBuildFile; fileRef = 37EFE09927D1F56C008F28EF /* Gotham-BoldItalic.otf */; };
		37EFE0AF27D1F6F0008F28EF /* Gotham-Book.otf in Resources */ = {isa = PBXBuildFile; fileRef = 37EFE0A027D1F56C008F28EF /* Gotham-Book.otf */; };
		37EFE0B027D1F6F0008F28EF /* Gotham-BookItalic.otf in Resources */ = {isa = PBXBuildFile; fileRef = 37EFE09F27D1F56C008F28EF /* Gotham-BookItalic.otf */; };
		37EFE0B127D1F6F0008F28EF /* Gotham-Light.otf in Resources */ = {isa = PBXBuildFile; fileRef = 37EFE0A827D1F56C008F28EF /* Gotham-Light.otf */; };
		37EFE0B227D1F6F0008F28EF /* Gotham-LightItalic.otf in Resources */ = {isa = PBXBuildFile; fileRef = 37EFE09B27D1F56C008F28EF /* Gotham-LightItalic.otf */; };
		37EFE0B327D1F6F0008F28EF /* Gotham-Medium.otf in Resources */ = {isa = PBXBuildFile; fileRef = 37EFE09C27D1F56C008F28EF /* Gotham-Medium.otf */; };
		37EFE0B427D1F6F0008F28EF /* Gotham-MediumItalic.otf in Resources */ = {isa = PBXBuildFile; fileRef = 37EFE0A427D1F56C008F28EF /* Gotham-MediumItalic.otf */; };
		37EFE0B527D1F6F0008F28EF /* Gotham-Thin.otf in Resources */ = {isa = PBXBuildFile; fileRef = 37EFE0A327D1F56C008F28EF /* Gotham-Thin.otf */; };
		37EFE0B627D1F6F0008F28EF /* Gotham-ThinItalic.otf in Resources */ = {isa = PBXBuildFile; fileRef = 37EFE0A727D1F56C008F28EF /* Gotham-ThinItalic.otf */; };
		37EFE0B727D1F6F0008F28EF /* Gotham-Ultra.otf in Resources */ = {isa = PBXBuildFile; fileRef = 37EFE09A27D1F56C008F28EF /* Gotham-Ultra.otf */; };
		37EFE0B827D1F6F0008F28EF /* Gotham-UltraItalic.otf in Resources */ = {isa = PBXBuildFile; fileRef = 37EFE0A527D1F56C008F28EF /* Gotham-UltraItalic.otf */; };
		37EFE0B927D1F6F0008F28EF /* Gotham-XLight.otf in Resources */ = {isa = PBXBuildFile; fileRef = 37EFE09D27D1F56C008F28EF /* Gotham-XLight.otf */; };
		37EFE0BA27D1F6F0008F28EF /* Gotham-XLightItalic.otf in Resources */ = {isa = PBXBuildFile; fileRef = 37EFE09E27D1F56C008F28EF /* Gotham-XLightItalic.otf */; };
		37F77A8D27DE07F400A6D58F /* CommentsView.swift in Sources */ = {isa = PBXBuildFile; fileRef = 37F77A8C27DE07F400A6D58F /* CommentsView.swift */; };
		7E1421E2FFB77FBBB14AD6A9 /* Pods_Superheroes.framework in Frameworks */ = {isa = PBXBuildFile; fileRef = 23E9AEC29A7A15DC83867F48 /* Pods_Superheroes.framework */; };
/* End PBXBuildFile section */

/* Begin PBXFileReference section */
		1B0BFAF8233628850054E28A /* Superheroes.app */ = {isa = PBXFileReference; explicitFileType = wrapper.application; includeInIndex = 0; path = Superheroes.app; sourceTree = BUILT_PRODUCTS_DIR; };
		1B0BFAFB233628850054E28A /* AppDelegate.swift */ = {isa = PBXFileReference; lastKnownFileType = sourcecode.swift; path = AppDelegate.swift; sourceTree = "<group>"; };
		1B0BFB04233628870054E28A /* Assets.xcassets */ = {isa = PBXFileReference; lastKnownFileType = folder.assetcatalog; path = Assets.xcassets; sourceTree = "<group>"; };
		1B0BFB07233628870054E28A /* Base */ = {isa = PBXFileReference; lastKnownFileType = file.storyboard; name = Base; path = Base.lproj/LaunchScreen.storyboard; sourceTree = "<group>"; };
		1B0BFB09233628870054E28A /* Info.plist */ = {isa = PBXFileReference; lastKnownFileType = text.plist.xml; path = Info.plist; sourceTree = "<group>"; };
		1B0BFB2F233629890054E28A /* Initializable.swift */ = {isa = PBXFileReference; lastKnownFileType = sourcecode.swift; path = Initializable.swift; sourceTree = "<group>"; };
		1B0BFB33233629FF0054E28A /* ViewInterface.swift */ = {isa = PBXFileReference; fileEncoding = 4; lastKnownFileType = sourcecode.swift; path = ViewInterface.swift; sourceTree = "<group>"; };
		1B0BFB34233629FF0054E28A /* UIStoryboardExtension.swift */ = {isa = PBXFileReference; fileEncoding = 4; lastKnownFileType = sourcecode.swift; path = UIStoryboardExtension.swift; sourceTree = "<group>"; };
		1B0BFB35233629FF0054E28A /* BaseWireframe.swift */ = {isa = PBXFileReference; fileEncoding = 4; lastKnownFileType = sourcecode.swift; path = BaseWireframe.swift; sourceTree = "<group>"; };
		1B0BFB36233629FF0054E28A /* InteractorInterface.swift */ = {isa = PBXFileReference; fileEncoding = 4; lastKnownFileType = sourcecode.swift; path = InteractorInterface.swift; sourceTree = "<group>"; };
		1B0BFB37233629FF0054E28A /* FormatterInterface.swift */ = {isa = PBXFileReference; fileEncoding = 4; lastKnownFileType = sourcecode.swift; path = FormatterInterface.swift; sourceTree = "<group>"; };
		1B0BFB3823362A000054E28A /* PresenterInterface.swift */ = {isa = PBXFileReference; fileEncoding = 4; lastKnownFileType = sourcecode.swift; path = PresenterInterface.swift; sourceTree = "<group>"; };
		1B0BFB4023362B240054E28A /* BaseNavigationController.swift */ = {isa = PBXFileReference; lastKnownFileType = sourcecode.swift; path = BaseNavigationController.swift; sourceTree = "<group>"; };
		1B0BFB4223362B740054E28A /* BaseResponse.swift */ = {isa = PBXFileReference; fileEncoding = 4; lastKnownFileType = sourcecode.swift; path = BaseResponse.swift; sourceTree = "<group>"; };
		1B0BFB4323362B740054E28A /* BaseViewController.swift */ = {isa = PBXFileReference; fileEncoding = 4; lastKnownFileType = sourcecode.swift; path = BaseViewController.swift; sourceTree = "<group>"; };
		1B0BFB4423362B740054E28A /* BaseTabbarProtocolController.swift */ = {isa = PBXFileReference; fileEncoding = 4; lastKnownFileType = sourcecode.swift; path = BaseTabbarProtocolController.swift; sourceTree = "<group>"; };
		1B0BFB4923362ECE0054E28A /* TabbarProtocol.swift */ = {isa = PBXFileReference; lastKnownFileType = sourcecode.swift; path = TabbarProtocol.swift; sourceTree = "<group>"; };
		1B0BFB4C23362F950054E28A /* LoggerInitializer.swift */ = {isa = PBXFileReference; lastKnownFileType = sourcecode.swift; path = LoggerInitializer.swift; sourceTree = "<group>"; };
		1B0BFB502336303F0054E28A /* TabbarPresenter.swift */ = {isa = PBXFileReference; fileEncoding = 4; lastKnownFileType = sourcecode.swift; path = TabbarPresenter.swift; sourceTree = "<group>"; };
		1B0BFB512336303F0054E28A /* TabbarViewController.swift */ = {isa = PBXFileReference; fileEncoding = 4; lastKnownFileType = sourcecode.swift; path = TabbarViewController.swift; sourceTree = "<group>"; };
		1B0BFB522336303F0054E28A /* TabbarInterfaces.swift */ = {isa = PBXFileReference; fileEncoding = 4; lastKnownFileType = sourcecode.swift; path = TabbarInterfaces.swift; sourceTree = "<group>"; };
		1B0BFB532336303F0054E28A /* TabbarWireframe.swift */ = {isa = PBXFileReference; fileEncoding = 4; lastKnownFileType = sourcecode.swift; path = TabbarWireframe.swift; sourceTree = "<group>"; };
		1B0BFB542336303F0054E28A /* Tabbar.storyboard */ = {isa = PBXFileReference; fileEncoding = 4; lastKnownFileType = file.storyboard; path = Tabbar.storyboard; sourceTree = "<group>"; };
		1B0BFB552336303F0054E28A /* TabbarInteractor.swift */ = {isa = PBXFileReference; fileEncoding = 4; lastKnownFileType = sourcecode.swift; path = TabbarInteractor.swift; sourceTree = "<group>"; };
		1B0BFB62233632C60054E28A /* RestClient.swift */ = {isa = PBXFileReference; lastKnownFileType = sourcecode.swift; path = RestClient.swift; sourceTree = "<group>"; };
		1B17106E75929F6F11346C30 /* Pods-Superheroes.release.xcconfig */ = {isa = PBXFileReference; includeInIndex = 1; lastKnownFileType = text.xcconfig; name = "Pods-Superheroes.release.xcconfig"; path = "Target Support Files/Pods-Superheroes/Pods-Superheroes.release.xcconfig"; sourceTree = "<group>"; };
		1BB2479123E6ED0500EBFD39 /* APIError.swift */ = {isa = PBXFileReference; lastKnownFileType = sourcecode.swift; path = APIError.swift; sourceTree = "<group>"; };
		1BB2479423E6EE8000EBFD39 /* DataExtensions.swift */ = {isa = PBXFileReference; lastKnownFileType = sourcecode.swift; path = DataExtensions.swift; sourceTree = "<group>"; };
		1BCCB16127EF167F003FB3E8 /* UIApplication+Extensions.swift */ = {isa = PBXFileReference; lastKnownFileType = sourcecode.swift; path = "UIApplication+Extensions.swift"; sourceTree = "<group>"; };
		1BDD46A123AFFEAE0020AC54 /* Constants.swift */ = {isa = PBXFileReference; lastKnownFileType = sourcecode.swift; path = Constants.swift; sourceTree = "<group>"; };
		20BC19AFC57ED15C2391D931 /* Pods_TemplateTests.framework */ = {isa = PBXFileReference; explicitFileType = wrapper.framework; includeInIndex = 0; path = Pods_TemplateTests.framework; sourceTree = BUILT_PRODUCTS_DIR; };
		23E9AEC29A7A15DC83867F48 /* Pods_Superheroes.framework */ = {isa = PBXFileReference; explicitFileType = wrapper.framework; includeInIndex = 0; path = Pods_Superheroes.framework; sourceTree = BUILT_PRODUCTS_DIR; };
		2513255026424DDED545C458 /* Pods-Superheroes.debug.xcconfig */ = {isa = PBXFileReference; includeInIndex = 1; lastKnownFileType = text.xcconfig; name = "Pods-Superheroes.debug.xcconfig"; path = "Target Support Files/Pods-Superheroes/Pods-Superheroes.debug.xcconfig"; sourceTree = "<group>"; };
		289B179FEFFC70B4A0A408EA /* Pods-TemplateUITests.release.xcconfig */ = {isa = PBXFileReference; includeInIndex = 1; lastKnownFileType = text.xcconfig; name = "Pods-TemplateUITests.release.xcconfig"; path = "Target Support Files/Pods-TemplateUITests/Pods-TemplateUITests.release.xcconfig"; sourceTree = "<group>"; };
		3702618D27DF1F9400965843 /* FightInterfaces.swift */ = {isa = PBXFileReference; lastKnownFileType = sourcecode.swift; path = FightInterfaces.swift; sourceTree = "<group>"; };
		3702618E27DF1F9400965843 /* FightPresenter.swift */ = {isa = PBXFileReference; lastKnownFileType = sourcecode.swift; path = FightPresenter.swift; sourceTree = "<group>"; };
		3702618F27DF1F9400965843 /* FightViewController.swift */ = {isa = PBXFileReference; lastKnownFileType = sourcecode.swift; path = FightViewController.swift; sourceTree = "<group>"; };
		3702619027DF1F9400965843 /* FightInteractor.swift */ = {isa = PBXFileReference; lastKnownFileType = sourcecode.swift; path = FightInteractor.swift; sourceTree = "<group>"; };
		3702619127DF1F9400965843 /* FightWireframe.swift */ = {isa = PBXFileReference; lastKnownFileType = sourcecode.swift; path = FightWireframe.swift; sourceTree = "<group>"; };
		3717C89B27EDCFD2000868F2 /* bomb-explode.json */ = {isa = PBXFileReference; fileEncoding = 4; lastKnownFileType = text.json; path = "bomb-explode.json"; sourceTree = "<group>"; };
		3717C89D27EDE736000868F2 /* StackView+Ext.swift */ = {isa = PBXFileReference; lastKnownFileType = sourcecode.swift; path = "StackView+Ext.swift"; sourceTree = "<group>"; };
		3717C89F27EDFA15000868F2 /* PointsStackView.swift */ = {isa = PBXFileReference; lastKnownFileType = sourcecode.swift; path = PointsStackView.swift; sourceTree = "<group>"; };
		3717C8A127EDFD85000868F2 /* FightersView.swift */ = {isa = PBXFileReference; lastKnownFileType = sourcecode.swift; path = FightersView.swift; sourceTree = "<group>"; };
		3717C8A627EE0D2D000868F2 /* WinnerLoserView.swift */ = {isa = PBXFileReference; lastKnownFileType = sourcecode.swift; path = WinnerLoserView.swift; sourceTree = "<group>"; };
		371D73C027D0C60800BF93EB /* RestClient+Superheroes.swift */ = {isa = PBXFileReference; lastKnownFileType = sourcecode.swift; path = "RestClient+Superheroes.swift"; sourceTree = "<group>"; };
		371D73C227D0C9CD00BF93EB /* Superheroes.swift */ = {isa = PBXFileReference; lastKnownFileType = sourcecode.swift; path = Superheroes.swift; sourceTree = "<group>"; };
		371D73C427D0C9F400BF93EB /* Appearance.swift */ = {isa = PBXFileReference; lastKnownFileType = sourcecode.swift; path = Appearance.swift; sourceTree = "<group>"; };
		371D73C627D0CA3B00BF93EB /* Biography.swift */ = {isa = PBXFileReference; lastKnownFileType = sourcecode.swift; path = Biography.swift; sourceTree = "<group>"; };
		371D73C827D0CA5700BF93EB /* Connections.swift */ = {isa = PBXFileReference; lastKnownFileType = sourcecode.swift; path = Connections.swift; sourceTree = "<group>"; };
		371D73CA27D0CA6A00BF93EB /* Image.swift */ = {isa = PBXFileReference; lastKnownFileType = sourcecode.swift; path = Image.swift; sourceTree = "<group>"; };
		371D73CC27D0CA7F00BF93EB /* Powerstats.swift */ = {isa = PBXFileReference; lastKnownFileType = sourcecode.swift; path = Powerstats.swift; sourceTree = "<group>"; };
		371D73CE27D0CA9200BF93EB /* Work.swift */ = {isa = PBXFileReference; lastKnownFileType = sourcecode.swift; path = Work.swift; sourceTree = "<group>"; };
		371D73D027D0D34200BF93EB /* Heroes.swift */ = {isa = PBXFileReference; lastKnownFileType = sourcecode.swift; path = Heroes.swift; sourceTree = "<group>"; };
		371D73D227D0FD5200BF93EB /* RestClient+Typealias.swift */ = {isa = PBXFileReference; lastKnownFileType = sourcecode.swift; path = "RestClient+Typealias.swift"; sourceTree = "<group>"; };
		371D73D427D102AF00BF93EB /* DetailInterfaces.swift */ = {isa = PBXFileReference; lastKnownFileType = sourcecode.swift; path = DetailInterfaces.swift; sourceTree = "<group>"; };
		371D73D527D102AF00BF93EB /* DetailPresenter.swift */ = {isa = PBXFileReference; lastKnownFileType = sourcecode.swift; path = DetailPresenter.swift; sourceTree = "<group>"; };
		371D73D627D102AF00BF93EB /* DetailViewController.swift */ = {isa = PBXFileReference; lastKnownFileType = sourcecode.swift; path = DetailViewController.swift; sourceTree = "<group>"; };
		371D73D727D102AF00BF93EB /* DetailInteractor.swift */ = {isa = PBXFileReference; lastKnownFileType = sourcecode.swift; path = DetailInteractor.swift; sourceTree = "<group>"; };
		371D73D827D102AF00BF93EB /* DetailWireframe.swift */ = {isa = PBXFileReference; lastKnownFileType = sourcecode.swift; path = DetailWireframe.swift; sourceTree = "<group>"; };
		372301F027D9EF04008C5853 /* CircleShapeView.swift */ = {isa = PBXFileReference; lastKnownFileType = sourcecode.swift; path = CircleShapeView.swift; sourceTree = "<group>"; };
		372301F227DA23AB008C5853 /* CirclesStackView.swift */ = {isa = PBXFileReference; lastKnownFileType = sourcecode.swift; path = CirclesStackView.swift; sourceTree = "<group>"; };
		37268E6A27CF679B0000F942 /* Colors.xcassets */ = {isa = PBXFileReference; lastKnownFileType = folder.assetcatalog; path = Colors.xcassets; sourceTree = "<group>"; };
		37268E6D27CF6AC60000F942 /* swiftgen.yml */ = {isa = PBXFileReference; fileEncoding = 4; lastKnownFileType = text.yaml; path = swiftgen.yml; sourceTree = "<group>"; };
		37268E7227CF6D390000F942 /* Images.swift */ = {isa = PBXFileReference; fileEncoding = 4; lastKnownFileType = sourcecode.swift; path = Images.swift; sourceTree = "<group>"; };
		37268E7327CF6D390000F942 /* Colors.swift */ = {isa = PBXFileReference; fileEncoding = 4; lastKnownFileType = sourcecode.swift; path = Colors.swift; sourceTree = "<group>"; };
		37268E7727CF6DCF0000F942 /* SearchInterfaces.swift */ = {isa = PBXFileReference; lastKnownFileType = sourcecode.swift; path = SearchInterfaces.swift; sourceTree = "<group>"; };
		37268E7827CF6DCF0000F942 /* SearchPresenter.swift */ = {isa = PBXFileReference; lastKnownFileType = sourcecode.swift; path = SearchPresenter.swift; sourceTree = "<group>"; };
		37268E7927CF6DCF0000F942 /* SearchViewController.swift */ = {isa = PBXFileReference; lastKnownFileType = sourcecode.swift; path = SearchViewController.swift; sourceTree = "<group>"; };
		37268E7A27CF6DCF0000F942 /* SearchInteractor.swift */ = {isa = PBXFileReference; lastKnownFileType = sourcecode.swift; path = SearchInteractor.swift; sourceTree = "<group>"; };
		37268E7B27CF6DCF0000F942 /* SearchWireframe.swift */ = {isa = PBXFileReference; lastKnownFileType = sourcecode.swift; path = SearchWireframe.swift; sourceTree = "<group>"; };
		37268E8127CF6E2A0000F942 /* ViewControllerPreview.swift */ = {isa = PBXFileReference; fileEncoding = 4; lastKnownFileType = sourcecode.swift; path = ViewControllerPreview.swift; sourceTree = "<group>"; };
		37268E8627CF722D0000F942 /* String.swift */ = {isa = PBXFileReference; lastKnownFileType = sourcecode.swift; path = String.swift; sourceTree = "<group>"; };
		37268E9127CF74A00000F942 /* en */ = {isa = PBXFileReference; lastKnownFileType = text.plist.strings; name = en; path = en.lproj/Localizable.strings; sourceTree = "<group>"; };
		37268E9527CF75CB0000F942 /* FavoritesInterfaces.swift */ = {isa = PBXFileReference; lastKnownFileType = sourcecode.swift; path = FavoritesInterfaces.swift; sourceTree = "<group>"; };
		37268E9627CF75CB0000F942 /* FavoritesPresenter.swift */ = {isa = PBXFileReference; lastKnownFileType = sourcecode.swift; path = FavoritesPresenter.swift; sourceTree = "<group>"; };
		37268E9727CF75CB0000F942 /* FavoritesViewController.swift */ = {isa = PBXFileReference; lastKnownFileType = sourcecode.swift; path = FavoritesViewController.swift; sourceTree = "<group>"; };
		37268E9827CF75CB0000F942 /* FavoritesInteractor.swift */ = {isa = PBXFileReference; lastKnownFileType = sourcecode.swift; path = FavoritesInteractor.swift; sourceTree = "<group>"; };
		37268E9927CF75CB0000F942 /* FavoritesWireframe.swift */ = {isa = PBXFileReference; lastKnownFileType = sourcecode.swift; path = FavoritesWireframe.swift; sourceTree = "<group>"; };
		37268EAB27CF85C70000F942 /* Strings.swift */ = {isa = PBXFileReference; fileEncoding = 4; lastKnownFileType = sourcecode.swift; path = Strings.swift; sourceTree = "<group>"; };
		37268EC527CF99970000F942 /* SearchedCollectionViewCell.swift */ = {isa = PBXFileReference; lastKnownFileType = sourcecode.swift; path = SearchedCollectionViewCell.swift; sourceTree = "<group>"; };
		37268EC727CFA5220000F942 /* EmptyView.swift */ = {isa = PBXFileReference; lastKnownFileType = sourcecode.swift; path = EmptyView.swift; sourceTree = "<group>"; };
		374B9B7227D6326D001BF4A5 /* Devices.swift */ = {isa = PBXFileReference; lastKnownFileType = sourcecode.swift; path = Devices.swift; sourceTree = "<group>"; };
		374B9B7527D6367C001BF4A5 /* CharacteristicsView.swift */ = {isa = PBXFileReference; lastKnownFileType = sourcecode.swift; path = CharacteristicsView.swift; sourceTree = "<group>"; };
		374B9B7727D637C1001BF4A5 /* InfoView.swift */ = {isa = PBXFileReference; lastKnownFileType = sourcecode.swift; path = InfoView.swift; sourceTree = "<group>"; };
		3759BC5A27E4BEE300F1D915 /* FighterSelectorButton.swift */ = {isa = PBXFileReference; lastKnownFileType = sourcecode.swift; path = FighterSelectorButton.swift; sourceTree = "<group>"; };
		3759BC5D27E4C6D500F1D915 /* UIView+Ext.swift */ = {isa = PBXFileReference; lastKnownFileType = sourcecode.swift; path = "UIView+Ext.swift"; sourceTree = "<group>"; };
		375D6D4827E9BB610052389A /* Comments.swift */ = {isa = PBXFileReference; lastKnownFileType = sourcecode.swift; path = Comments.swift; sourceTree = "<group>"; };
		377CFF0827D2436200BA3A31 /* StatButton.swift */ = {isa = PBXFileReference; lastKnownFileType = sourcecode.swift; path = StatButton.swift; sourceTree = "<group>"; };
		3798864827D79E9E00B8FBF5 /* GradientView.swift */ = {isa = PBXFileReference; lastKnownFileType = sourcecode.swift; path = GradientView.swift; sourceTree = "<group>"; };
		37AE99A427ECAF7A0065184E /* empty.json */ = {isa = PBXFileReference; fileEncoding = 4; lastKnownFileType = text.json; path = empty.json; sourceTree = "<group>"; };
		37AE99A527ECAF7A0065184E /* fight.json */ = {isa = PBXFileReference; fileEncoding = 4; lastKnownFileType = text.json; path = fight.json; sourceTree = "<group>"; };
		37B5ED3E27E1CC8B00A28FEB /* DatabaseManager.swift */ = {isa = PBXFileReference; lastKnownFileType = sourcecode.swift; path = DatabaseManager.swift; sourceTree = "<group>"; };
		37B5ED4327E1CF0400A28FEB /* BoolCompletition.swift */ = {isa = PBXFileReference; lastKnownFileType = sourcecode.swift; path = BoolCompletition.swift; sourceTree = "<group>"; };
		37BDADDF27D8D3F200C3AE2F /* NSTextAttachment.swift */ = {isa = PBXFileReference; lastKnownFileType = sourcecode.swift; path = NSTextAttachment.swift; sourceTree = "<group>"; };
		37CAEE1727E4702100E06B61 /* AlertViewController.swift */ = {isa = PBXFileReference; lastKnownFileType = sourcecode.swift; path = AlertViewController.swift; sourceTree = "<group>"; };
		37E7F9EA27E85EB700BA303C /* FavoriteFightersCollectionViewCell.swift */ = {isa = PBXFileReference; lastKnownFileType = sourcecode.swift; path = FavoriteFightersCollectionViewCell.swift; sourceTree = "<group>"; };
		37ED519227DB5A4300E96829 /* SpiderWebChartView.swift */ = {isa = PBXFileReference; lastKnownFileType = sourcecode.swift; path = SpiderWebChartView.swift; sourceTree = "<group>"; };
		37EFE09927D1F56C008F28EF /* Gotham-BoldItalic.otf */ = {isa = PBXFileReference; lastKnownFileType = file; path = "Gotham-BoldItalic.otf"; sourceTree = "<group>"; };
		37EFE09A27D1F56C008F28EF /* Gotham-Ultra.otf */ = {isa = PBXFileReference; lastKnownFileType = file; path = "Gotham-Ultra.otf"; sourceTree = "<group>"; };
		37EFE09B27D1F56C008F28EF /* Gotham-LightItalic.otf */ = {isa = PBXFileReference; lastKnownFileType = file; path = "Gotham-LightItalic.otf"; sourceTree = "<group>"; };
		37EFE09C27D1F56C008F28EF /* Gotham-Medium.otf */ = {isa = PBXFileReference; lastKnownFileType = file; path = "Gotham-Medium.otf"; sourceTree = "<group>"; };
		37EFE09D27D1F56C008F28EF /* Gotham-XLight.otf */ = {isa = PBXFileReference; lastKnownFileType = file; path = "Gotham-XLight.otf"; sourceTree = "<group>"; };
		37EFE09E27D1F56C008F28EF /* Gotham-XLightItalic.otf */ = {isa = PBXFileReference; lastKnownFileType = file; path = "Gotham-XLightItalic.otf"; sourceTree = "<group>"; };
		37EFE09F27D1F56C008F28EF /* Gotham-BookItalic.otf */ = {isa = PBXFileReference; lastKnownFileType = file; path = "Gotham-BookItalic.otf"; sourceTree = "<group>"; };
		37EFE0A027D1F56C008F28EF /* Gotham-Book.otf */ = {isa = PBXFileReference; lastKnownFileType = file; path = "Gotham-Book.otf"; sourceTree = "<group>"; };
		37EFE0A127D1F56C008F28EF /* Gotham-Bold.otf */ = {isa = PBXFileReference; lastKnownFileType = file; path = "Gotham-Bold.otf"; sourceTree = "<group>"; };
		37EFE0A227D1F56C008F28EF /* Gotham-Black.otf */ = {isa = PBXFileReference; lastKnownFileType = file; path = "Gotham-Black.otf"; sourceTree = "<group>"; };
		37EFE0A327D1F56C008F28EF /* Gotham-Thin.otf */ = {isa = PBXFileReference; lastKnownFileType = file; path = "Gotham-Thin.otf"; sourceTree = "<group>"; };
		37EFE0A427D1F56C008F28EF /* Gotham-MediumItalic.otf */ = {isa = PBXFileReference; lastKnownFileType = file; path = "Gotham-MediumItalic.otf"; sourceTree = "<group>"; };
		37EFE0A527D1F56C008F28EF /* Gotham-UltraItalic.otf */ = {isa = PBXFileReference; lastKnownFileType = file; path = "Gotham-UltraItalic.otf"; sourceTree = "<group>"; };
		37EFE0A627D1F56C008F28EF /* Gotham-BlackItalic.otf */ = {isa = PBXFileReference; lastKnownFileType = file; path = "Gotham-BlackItalic.otf"; sourceTree = "<group>"; };
		37EFE0A727D1F56C008F28EF /* Gotham-ThinItalic.otf */ = {isa = PBXFileReference; lastKnownFileType = file; path = "Gotham-ThinItalic.otf"; sourceTree = "<group>"; };
		37EFE0A827D1F56C008F28EF /* Gotham-Light.otf */ = {isa = PBXFileReference; lastKnownFileType = file; path = "Gotham-Light.otf"; sourceTree = "<group>"; };
		37EFE0A927D1F594008F28EF /* Fonts.swift */ = {isa = PBXFileReference; fileEncoding = 4; lastKnownFileType = sourcecode.swift; path = Fonts.swift; sourceTree = "<group>"; };
		37F77A8C27DE07F400A6D58F /* CommentsView.swift */ = {isa = PBXFileReference; lastKnownFileType = sourcecode.swift; path = CommentsView.swift; sourceTree = "<group>"; };
		4EF7DC8171F9897A5B5FA456 /* Pods-TemplateTests.release.xcconfig */ = {isa = PBXFileReference; includeInIndex = 1; lastKnownFileType = text.xcconfig; name = "Pods-TemplateTests.release.xcconfig"; path = "Target Support Files/Pods-TemplateTests/Pods-TemplateTests.release.xcconfig"; sourceTree = "<group>"; };
		9C0B7910D5B3D654CE3114A2 /* Pods-TemplateUITests.debug.xcconfig */ = {isa = PBXFileReference; includeInIndex = 1; lastKnownFileType = text.xcconfig; name = "Pods-TemplateUITests.debug.xcconfig"; path = "Target Support Files/Pods-TemplateUITests/Pods-TemplateUITests.debug.xcconfig"; sourceTree = "<group>"; };
		AA1C71581E8FB7D1071CE22E /* Pods_TemplateUITests.framework */ = {isa = PBXFileReference; explicitFileType = wrapper.framework; includeInIndex = 0; path = Pods_TemplateUITests.framework; sourceTree = BUILT_PRODUCTS_DIR; };
		C0E675DAD14EA9CA2DD00C57 /* Pods-TemplateTests.debug.xcconfig */ = {isa = PBXFileReference; includeInIndex = 1; lastKnownFileType = text.xcconfig; name = "Pods-TemplateTests.debug.xcconfig"; path = "Target Support Files/Pods-TemplateTests/Pods-TemplateTests.debug.xcconfig"; sourceTree = "<group>"; };
		C2EC07CB5C500FFCA9393D99 /* Pods-Template.release.xcconfig */ = {isa = PBXFileReference; includeInIndex = 1; lastKnownFileType = text.xcconfig; name = "Pods-Template.release.xcconfig"; path = "Target Support Files/Pods-Template/Pods-Template.release.xcconfig"; sourceTree = "<group>"; };
		DB0D018193353762E021DB60 /* Pods-Template.debug.xcconfig */ = {isa = PBXFileReference; includeInIndex = 1; lastKnownFileType = text.xcconfig; name = "Pods-Template.debug.xcconfig"; path = "Target Support Files/Pods-Template/Pods-Template.debug.xcconfig"; sourceTree = "<group>"; };
/* End PBXFileReference section */

/* Begin PBXFrameworksBuildPhase section */
		1B0BFAF5233628850054E28A /* Frameworks */ = {
			isa = PBXFrameworksBuildPhase;
			buildActionMask = 2147483647;
			files = (
				7E1421E2FFB77FBBB14AD6A9 /* Pods_Superheroes.framework in Frameworks */,
			);
			runOnlyForDeploymentPostprocessing = 0;
		};
/* End PBXFrameworksBuildPhase section */

/* Begin PBXGroup section */
		1B0BFAEF233628850054E28A = {
			isa = PBXGroup;
			children = (
				37268E6D27CF6AC60000F942 /* swiftgen.yml */,
				1B0BFAFA233628850054E28A /* Superheroes */,
				1B0BFAF9233628850054E28A /* Products */,
				F521AFB15CC9A35D5D3420D4 /* Pods */,
				BA60848800195AD7C50DED11 /* Frameworks */,
			);
			sourceTree = "<group>";
		};
		1B0BFAF9233628850054E28A /* Products */ = {
			isa = PBXGroup;
			children = (
				1B0BFAF8233628850054E28A /* Superheroes.app */,
			);
			name = Products;
			sourceTree = "<group>";
		};
		1B0BFAFA233628850054E28A /* Superheroes */ = {
			isa = PBXGroup;
			children = (
				37268E7127CF6D390000F942 /* Generated */,
				1B0BFB2B2336291F0054E28A /* Application */,
				1B0BFB31233629E10054E28A /* Common */,
				1B0BFB4E23362FF90054E28A /* Modules */,
				1B0BFB2D2336294C0054E28A /* Resources */,
				1B0BFB2C2336293B0054E28A /* SupportingFiles */,
			);
			path = Superheroes;
			sourceTree = "<group>";
		};
		1B0BFB2B2336291F0054E28A /* Application */ = {
			isa = PBXGroup;
			children = (
				1B0BFAFB233628850054E28A /* AppDelegate.swift */,
				37B5ED4327E1CF0400A28FEB /* BoolCompletition.swift */,
				1BDD46A123AFFEAE0020AC54 /* Constants.swift */,
				1B0BFB2E233629630054E28A /* Initializers */,
			);
			path = Application;
			sourceTree = "<group>";
		};
		1B0BFB2C2336293B0054E28A /* SupportingFiles */ = {
			isa = PBXGroup;
			children = (
				1B0BFB09233628870054E28A /* Info.plist */,
			);
			path = SupportingFiles;
			sourceTree = "<group>";
		};
		1B0BFB2D2336294C0054E28A /* Resources */ = {
			isa = PBXGroup;
			children = (
				37268EC927CFA7390000F942 /* Fonts */,
				1B0BFB04233628870054E28A /* Assets.xcassets */,
				37268E6A27CF679B0000F942 /* Colors.xcassets */,
				1B0BFB06233628870054E28A /* LaunchScreen.storyboard */,
				374B9B7227D6326D001BF4A5 /* Devices.swift */,
			);
			path = Resources;
			sourceTree = "<group>";
		};
		1B0BFB2E233629630054E28A /* Initializers */ = {
			isa = PBXGroup;
			children = (
				1B0BFB2F233629890054E28A /* Initializable.swift */,
				1B0BFB4C23362F950054E28A /* LoggerInitializer.swift */,
			);
			path = Initializers;
			sourceTree = "<group>";
		};
		1B0BFB31233629E10054E28A /* Common */ = {
			isa = PBXGroup;
			children = (
				37268E8827CF72500000F942 /* StringLocalization */,
				1B0BFB3F23362B020054E28A /* BaseClasses */,
				1BDD469E23AFFCAE0020AC54 /* Extensions */,
				1BDD469F23AFFCB40020AC54 /* Models */,
				1B0BFB4823362EBD0054E28A /* Protocols */,
				1B0BFB5E233632830054E28A /* Services */,
				1BDD46A023AFFCBA0020AC54 /* Views */,
				1B0BFB32233629E70054E28A /* VIPER */,
			);
			path = Common;
			sourceTree = "<group>";
		};
		1B0BFB32233629E70054E28A /* VIPER */ = {
			isa = PBXGroup;
			children = (
				37268E8127CF6E2A0000F942 /* ViewControllerPreview.swift */,
				1B0BFB35233629FF0054E28A /* BaseWireframe.swift */,
				1B0BFB37233629FF0054E28A /* FormatterInterface.swift */,
				1B0BFB36233629FF0054E28A /* InteractorInterface.swift */,
				1B0BFB3823362A000054E28A /* PresenterInterface.swift */,
				1B0BFB34233629FF0054E28A /* UIStoryboardExtension.swift */,
				1B0BFB33233629FF0054E28A /* ViewInterface.swift */,
			);
			path = VIPER;
			sourceTree = "<group>";
		};
		1B0BFB3F23362B020054E28A /* BaseClasses */ = {
			isa = PBXGroup;
			children = (
				1B0BFB4023362B240054E28A /* BaseNavigationController.swift */,
				1B0BFB4223362B740054E28A /* BaseResponse.swift */,
				1B0BFB4423362B740054E28A /* BaseTabbarProtocolController.swift */,
				1B0BFB4323362B740054E28A /* BaseViewController.swift */,
			);
			path = BaseClasses;
			sourceTree = "<group>";
		};
		1B0BFB4823362EBD0054E28A /* Protocols */ = {
			isa = PBXGroup;
			children = (
				1B0BFB4923362ECE0054E28A /* TabbarProtocol.swift */,
			);
			path = Protocols;
			sourceTree = "<group>";
		};
		1B0BFB4E23362FF90054E28A /* Modules */ = {
			isa = PBXGroup;
			children = (
				371D73DE27D102B500BF93EB /* Detail */,
				37268E9427CF75BC0000F942 /* Fight */,
				37268E9327CF75B00000F942 /* Favorites */,
				37268E7627CF6DB90000F942 /* Search */,
				1B0BFB4F233630190054E28A /* Tabbar */,
			);
			path = Modules;
			sourceTree = "<group>";
		};
		1B0BFB4F233630190054E28A /* Tabbar */ = {
			isa = PBXGroup;
			children = (
				1B0BFB542336303F0054E28A /* Tabbar.storyboard */,
				1B0BFB552336303F0054E28A /* TabbarInteractor.swift */,
				1B0BFB522336303F0054E28A /* TabbarInterfaces.swift */,
				1B0BFB502336303F0054E28A /* TabbarPresenter.swift */,
				1B0BFB512336303F0054E28A /* TabbarViewController.swift */,
				1B0BFB532336303F0054E28A /* TabbarWireframe.swift */,
			);
			path = Tabbar;
			sourceTree = "<group>";
		};
		1B0BFB5E233632830054E28A /* Services */ = {
			isa = PBXGroup;
			children = (
				37B5ED3D27E1CC6F00A28FEB /* DatabaseManager */,
				1B0BFB5F2336328D0054E28A /* RestClient */,
			);
			path = Services;
			sourceTree = "<group>";
		};
		1B0BFB5F2336328D0054E28A /* RestClient */ = {
			isa = PBXGroup;
			children = (
				1B0BFB62233632C60054E28A /* RestClient.swift */,
				371D73C027D0C60800BF93EB /* RestClient+Superheroes.swift */,
				371D73D227D0FD5200BF93EB /* RestClient+Typealias.swift */,
			);
			path = RestClient;
			sourceTree = "<group>";
		};
		1BB2479323E6EE6E00EBFD39 /* Foundation */ = {
			isa = PBXGroup;
			children = (
				1BB2479423E6EE8000EBFD39 /* DataExtensions.swift */,
			);
			path = Foundation;
			sourceTree = "<group>";
		};
		1BDD469E23AFFCAE0020AC54 /* Extensions */ = {
			isa = PBXGroup;
			children = (
				3759BC5C27E4C6C800F1D915 /* View */,
				37268E8527CF721E0000F942 /* String */,
				1BB2479323E6EE6E00EBFD39 /* Foundation */,
				37BDADDF27D8D3F200C3AE2F /* NSTextAttachment.swift */,
				3717C89D27EDE736000868F2 /* StackView+Ext.swift */,
				1BCCB16127EF167F003FB3E8 /* UIApplication+Extensions.swift */,
			);
			path = Extensions;
			sourceTree = "<group>";
		};
		1BDD469F23AFFCB40020AC54 /* Models */ = {
			isa = PBXGroup;
			children = (
				1BB2479123E6ED0500EBFD39 /* APIError.swift */,
				371D73C227D0C9CD00BF93EB /* Superheroes.swift */,
				371D73D027D0D34200BF93EB /* Heroes.swift */,
				371D73C427D0C9F400BF93EB /* Appearance.swift */,
				371D73C627D0CA3B00BF93EB /* Biography.swift */,
				371D73C827D0CA5700BF93EB /* Connections.swift */,
				371D73CA27D0CA6A00BF93EB /* Image.swift */,
				371D73CC27D0CA7F00BF93EB /* Powerstats.swift */,
				371D73CE27D0CA9200BF93EB /* Work.swift */,
			);
			path = Models;
			sourceTree = "<group>";
		};
		1BDD46A023AFFCBA0020AC54 /* Views */ = {
			isa = PBXGroup;
			children = (
				3704B4B527E8A7D0006E3AF6 /* Animations */,
				3759BC5927E4BE8D00F1D915 /* FighterView */,
				37F77A8A27DE07C600A6D58F /* DetailView */,
				377CFF0727D2433B00BA3A31 /* Button */,
				37268EC427CF98B50000F942 /* Cell */,
				37268EC727CFA5220000F942 /* EmptyView.swift */,
				3798864827D79E9E00B8FBF5 /* GradientView.swift */,
				37CAEE1727E4702100E06B61 /* AlertViewController.swift */,
			);
			path = Views;
			sourceTree = "<group>";
		};
		3704B4B527E8A7D0006E3AF6 /* Animations */ = {
			isa = PBXGroup;
			children = (
				3717C89B27EDCFD2000868F2 /* bomb-explode.json */,
				37AE99A427ECAF7A0065184E /* empty.json */,
				37AE99A527ECAF7A0065184E /* fight.json */,
			);
			path = Animations;
			sourceTree = "<group>";
		};
		3717C8A327EDFDA6000868F2 /* FightersView */ = {
			isa = PBXGroup;
			children = (
				3717C8A127EDFD85000868F2 /* FightersView.swift */,
				3759BC5A27E4BEE300F1D915 /* FighterSelectorButton.swift */,
				3717C8A627EE0D2D000868F2 /* WinnerLoserView.swift */,
			);
			path = FightersView;
			sourceTree = "<group>";
		};
		371D73DE27D102B500BF93EB /* Detail */ = {
			isa = PBXGroup;
			children = (
				371D73D427D102AF00BF93EB /* DetailInterfaces.swift */,
				371D73D527D102AF00BF93EB /* DetailPresenter.swift */,
				371D73D627D102AF00BF93EB /* DetailViewController.swift */,
				371D73D727D102AF00BF93EB /* DetailInteractor.swift */,
				371D73D827D102AF00BF93EB /* DetailWireframe.swift */,
			);
			path = Detail;
			sourceTree = "<group>";
		};
		372301E927D9E6B0008C5853 /* DetailViewPowerstatsCharts */ = {
			isa = PBXGroup;
			children = (
				372301F027D9EF04008C5853 /* CircleShapeView.swift */,
				372301F227DA23AB008C5853 /* CirclesStackView.swift */,
				37ED519227DB5A4300E96829 /* SpiderWebChartView.swift */,
			);
			path = DetailViewPowerstatsCharts;
			sourceTree = "<group>";
		};
		37268E7127CF6D390000F942 /* Generated */ = {
			isa = PBXGroup;
			children = (
				37EFE0A927D1F594008F28EF /* Fonts.swift */,
				37268EAB27CF85C70000F942 /* Strings.swift */,
				37268E7227CF6D390000F942 /* Images.swift */,
				37268E7327CF6D390000F942 /* Colors.swift */,
			);
			path = Generated;
			sourceTree = "<group>";
		};
		37268E7627CF6DB90000F942 /* Search */ = {
			isa = PBXGroup;
			children = (
				37268E7727CF6DCF0000F942 /* SearchInterfaces.swift */,
				37268E7827CF6DCF0000F942 /* SearchPresenter.swift */,
				37268E7927CF6DCF0000F942 /* SearchViewController.swift */,
				37268E7A27CF6DCF0000F942 /* SearchInteractor.swift */,
				37268E7B27CF6DCF0000F942 /* SearchWireframe.swift */,
			);
			path = Search;
			sourceTree = "<group>";
		};
		37268E8527CF721E0000F942 /* String */ = {
			isa = PBXGroup;
			children = (
				37268E8627CF722D0000F942 /* String.swift */,
			);
			path = String;
			sourceTree = "<group>";
		};
		37268E8827CF72500000F942 /* StringLocalization */ = {
			isa = PBXGroup;
			children = (
				37268E9227CF74A00000F942 /* Localizable.strings */,
			);
			path = StringLocalization;
			sourceTree = "<group>";
		};
		37268E9327CF75B00000F942 /* Favorites */ = {
			isa = PBXGroup;
			children = (
				37268E9527CF75CB0000F942 /* FavoritesInterfaces.swift */,
				37268E9627CF75CB0000F942 /* FavoritesPresenter.swift */,
				37268E9727CF75CB0000F942 /* FavoritesViewController.swift */,
				37268E9827CF75CB0000F942 /* FavoritesInteractor.swift */,
				37268E9927CF75CB0000F942 /* FavoritesWireframe.swift */,
			);
			path = Favorites;
			sourceTree = "<group>";
		};
		37268E9427CF75BC0000F942 /* Fight */ = {
			isa = PBXGroup;
			children = (
				3702618D27DF1F9400965843 /* FightInterfaces.swift */,
				3702618E27DF1F9400965843 /* FightPresenter.swift */,
				3702618F27DF1F9400965843 /* FightViewController.swift */,
				3702619027DF1F9400965843 /* FightInteractor.swift */,
				3702619127DF1F9400965843 /* FightWireframe.swift */,
			);
			path = Fight;
			sourceTree = "<group>";
		};
		37268EC427CF98B50000F942 /* Cell */ = {
			isa = PBXGroup;
			children = (
				37268EC527CF99970000F942 /* SearchedCollectionViewCell.swift */,
				37E7F9EA27E85EB700BA303C /* FavoriteFightersCollectionViewCell.swift */,
			);
			path = Cell;
			sourceTree = "<group>";
		};
		37268EC927CFA7390000F942 /* Fonts */ = {
			isa = PBXGroup;
			children = (
				37EFE0A227D1F56C008F28EF /* Gotham-Black.otf */,
				37EFE0A627D1F56C008F28EF /* Gotham-BlackItalic.otf */,
				37EFE0A127D1F56C008F28EF /* Gotham-Bold.otf */,
				37EFE09927D1F56C008F28EF /* Gotham-BoldItalic.otf */,
				37EFE0A027D1F56C008F28EF /* Gotham-Book.otf */,
				37EFE09F27D1F56C008F28EF /* Gotham-BookItalic.otf */,
				37EFE0A827D1F56C008F28EF /* Gotham-Light.otf */,
				37EFE09B27D1F56C008F28EF /* Gotham-LightItalic.otf */,
				37EFE09C27D1F56C008F28EF /* Gotham-Medium.otf */,
				37EFE0A427D1F56C008F28EF /* Gotham-MediumItalic.otf */,
				37EFE0A327D1F56C008F28EF /* Gotham-Thin.otf */,
				37EFE0A727D1F56C008F28EF /* Gotham-ThinItalic.otf */,
				37EFE09A27D1F56C008F28EF /* Gotham-Ultra.otf */,
				37EFE0A527D1F56C008F28EF /* Gotham-UltraItalic.otf */,
				37EFE09D27D1F56C008F28EF /* Gotham-XLight.otf */,
				37EFE09E27D1F56C008F28EF /* Gotham-XLightItalic.otf */,
			);
			path = Fonts;
			sourceTree = "<group>";
		};
		374B9B7427D63659001BF4A5 /* DetailViewCharacteristics */ = {
			isa = PBXGroup;
			children = (
				374B9B7527D6367C001BF4A5 /* CharacteristicsView.swift */,
				374B9B7727D637C1001BF4A5 /* InfoView.swift */,
			);
			path = DetailViewCharacteristics;
			sourceTree = "<group>";
		};
		3759BC5927E4BE8D00F1D915 /* FighterView */ = {
			isa = PBXGroup;
			children = (
				3717C8A327EDFDA6000868F2 /* FightersView */,
				3717C89F27EDFA15000868F2 /* PointsStackView.swift */,
			);
			path = FighterView;
			sourceTree = "<group>";
		};
		3759BC5C27E4C6C800F1D915 /* View */ = {
			isa = PBXGroup;
			children = (
				3759BC5D27E4C6D500F1D915 /* UIView+Ext.swift */,
			);
			path = View;
			sourceTree = "<group>";
		};
		377CFF0727D2433B00BA3A31 /* Button */ = {
			isa = PBXGroup;
			children = (
				377CFF0827D2436200BA3A31 /* StatButton.swift */,
			);
			path = Button;
			sourceTree = "<group>";
		};
		37B5ED3D27E1CC6F00A28FEB /* DatabaseManager */ = {
			isa = PBXGroup;
			children = (
				37B5ED3E27E1CC8B00A28FEB /* DatabaseManager.swift */,
			);
			path = DatabaseManager;
			sourceTree = "<group>";
		};
		37F77A8A27DE07C600A6D58F /* DetailView */ = {
			isa = PBXGroup;
			children = (
				37F77A8B27DE07D400A6D58F /* DetailViewComments */,
				374B9B7427D63659001BF4A5 /* DetailViewCharacteristics */,
				372301E927D9E6B0008C5853 /* DetailViewPowerstatsCharts */,
			);
			path = DetailView;
			sourceTree = "<group>";
		};
		37F77A8B27DE07D400A6D58F /* DetailViewComments */ = {
			isa = PBXGroup;
			children = (
				37F77A8C27DE07F400A6D58F /* CommentsView.swift */,
				375D6D4827E9BB610052389A /* Comments.swift */,
			);
			path = DetailViewComments;
			sourceTree = "<group>";
		};
		BA60848800195AD7C50DED11 /* Frameworks */ = {
			isa = PBXGroup;
			children = (
				20BC19AFC57ED15C2391D931 /* Pods_TemplateTests.framework */,
				AA1C71581E8FB7D1071CE22E /* Pods_TemplateUITests.framework */,
				23E9AEC29A7A15DC83867F48 /* Pods_Superheroes.framework */,
			);
			name = Frameworks;
			sourceTree = "<group>";
		};
		F521AFB15CC9A35D5D3420D4 /* Pods */ = {
			isa = PBXGroup;
			children = (
				DB0D018193353762E021DB60 /* Pods-Template.debug.xcconfig */,
				C2EC07CB5C500FFCA9393D99 /* Pods-Template.release.xcconfig */,
				C0E675DAD14EA9CA2DD00C57 /* Pods-TemplateTests.debug.xcconfig */,
				4EF7DC8171F9897A5B5FA456 /* Pods-TemplateTests.release.xcconfig */,
				9C0B7910D5B3D654CE3114A2 /* Pods-TemplateUITests.debug.xcconfig */,
				289B179FEFFC70B4A0A408EA /* Pods-TemplateUITests.release.xcconfig */,
				2513255026424DDED545C458 /* Pods-Superheroes.debug.xcconfig */,
				1B17106E75929F6F11346C30 /* Pods-Superheroes.release.xcconfig */,
			);
			path = Pods;
			sourceTree = "<group>";
		};
/* End PBXGroup section */

/* Begin PBXNativeTarget section */
		1B0BFAF7233628850054E28A /* Superheroes */ = {
			isa = PBXNativeTarget;
			buildConfigurationList = 1B0BFB22233628870054E28A /* Build configuration list for PBXNativeTarget "Superheroes" */;
			buildPhases = (
				BCA349AAC1428951897DBACD /* [CP] Check Pods Manifest.lock */,
				1B0BFAF4233628850054E28A /* Sources */,
				1B0BFAF5233628850054E28A /* Frameworks */,
				1B0BFAF6233628850054E28A /* Resources */,
				3788B2BD27CF6358009349AC /* SwiftGen */,
				CB1FF7C54FC6EB1F31DF8EAD /* [CP] Embed Pods Frameworks */,
				1B0BFB4B23362EF10054E28A /* ShellScript */,
			);
			buildRules = (
			);
			dependencies = (
			);
			name = Superheroes;
			productName = Template;
			productReference = 1B0BFAF8233628850054E28A /* Superheroes.app */;
			productType = "com.apple.product-type.application";
		};
/* End PBXNativeTarget section */

/* Begin PBXProject section */
		1B0BFAF0233628850054E28A /* Project object */ = {
			isa = PBXProject;
			attributes = {
				LastSwiftUpdateCheck = 1100;
				LastUpgradeCheck = 1200;
				ORGANIZATIONNAME = levivig;
				TargetAttributes = {
					1B0BFAF7233628850054E28A = {
						CreatedOnToolsVersion = 11.0;
					};
				};
			};
			buildConfigurationList = 1B0BFAF3233628850054E28A /* Build configuration list for PBXProject "Superheroes" */;
			compatibilityVersion = "Xcode 9.3";
			developmentRegion = en;
			hasScannedForEncodings = 0;
			knownRegions = (
				en,
				Base,
			);
			mainGroup = 1B0BFAEF233628850054E28A;
			productRefGroup = 1B0BFAF9233628850054E28A /* Products */;
			projectDirPath = "";
			projectRoot = "";
			targets = (
				1B0BFAF7233628850054E28A /* Superheroes */,
			);
		};
/* End PBXProject section */

/* Begin PBXResourcesBuildPhase section */
		1B0BFAF6233628850054E28A /* Resources */ = {
			isa = PBXResourcesBuildPhase;
			buildActionMask = 2147483647;
			files = (
				37EFE0AB27D1F6F0008F28EF /* Gotham-Black.otf in Resources */,
				37EFE0AC27D1F6F0008F28EF /* Gotham-BlackItalic.otf in Resources */,
				37EFE0AD27D1F6F0008F28EF /* Gotham-Bold.otf in Resources */,
				37EFE0AE27D1F6F0008F28EF /* Gotham-BoldItalic.otf in Resources */,
				37EFE0AF27D1F6F0008F28EF /* Gotham-Book.otf in Resources */,
				37EFE0B027D1F6F0008F28EF /* Gotham-BookItalic.otf in Resources */,
				37EFE0B127D1F6F0008F28EF /* Gotham-Light.otf in Resources */,
				37EFE0B227D1F6F0008F28EF /* Gotham-LightItalic.otf in Resources */,
				37EFE0B327D1F6F0008F28EF /* Gotham-Medium.otf in Resources */,
				37EFE0B427D1F6F0008F28EF /* Gotham-MediumItalic.otf in Resources */,
				37EFE0B527D1F6F0008F28EF /* Gotham-Thin.otf in Resources */,
				37EFE0B627D1F6F0008F28EF /* Gotham-ThinItalic.otf in Resources */,
				37AE99A827ECAF7B0065184E /* fight.json in Resources */,
				37EFE0B727D1F6F0008F28EF /* Gotham-Ultra.otf in Resources */,
				37EFE0B827D1F6F0008F28EF /* Gotham-UltraItalic.otf in Resources */,
				37AE99A727ECAF7B0065184E /* empty.json in Resources */,
				37EFE0B927D1F6F0008F28EF /* Gotham-XLight.otf in Resources */,
				37EFE0BA27D1F6F0008F28EF /* Gotham-XLightItalic.otf in Resources */,
				3717C89C27EDCFD2000868F2 /* bomb-explode.json in Resources */,
				37268E6B27CF679B0000F942 /* Colors.xcassets in Resources */,
				37268E9027CF74A00000F942 /* Localizable.strings in Resources */,
				37268E6E27CF6AC60000F942 /* swiftgen.yml in Resources */,
				1B0BFB5A2336303F0054E28A /* Tabbar.storyboard in Resources */,
				1B0BFB08233628870054E28A /* LaunchScreen.storyboard in Resources */,
				1B0BFB05233628870054E28A /* Assets.xcassets in Resources */,
			);
			runOnlyForDeploymentPostprocessing = 0;
		};
/* End PBXResourcesBuildPhase section */

/* Begin PBXShellScriptBuildPhase section */
		1B0BFB4B23362EF10054E28A /* ShellScript */ = {
			isa = PBXShellScriptBuildPhase;
			buildActionMask = 2147483647;
			files = (
			);
			inputFileListPaths = (
			);
			inputPaths = (
			);
			outputFileListPaths = (
			);
			outputPaths = (
			);
			runOnlyForDeploymentPostprocessing = 0;
			shellPath = /bin/sh;
			shellScript = "# SwiftLint\n${PODS_ROOT}/SwiftLint/swiftlint\n";
		};
		3788B2BD27CF6358009349AC /* SwiftGen */ = {
			isa = PBXShellScriptBuildPhase;
			buildActionMask = 2147483647;
			files = (
			);
			inputFileListPaths = (
			);
			inputPaths = (
			);
			name = SwiftGen;
			outputFileListPaths = (
			);
			outputPaths = (
			);
			runOnlyForDeploymentPostprocessing = 0;
			shellPath = /bin/sh;
			shellScript = " if [[ -f \"${PODS_ROOT}/SwiftGen/bin/swiftgen\" ]]; then\n  \"${PODS_ROOT}/SwiftGen/bin/swiftgen\"\nelse\n  echo \"warning: SwiftGen is not installed. Run 'pod install --repo-update' to install it.\"\nfi \n\n";
		};
		BCA349AAC1428951897DBACD /* [CP] Check Pods Manifest.lock */ = {
			isa = PBXShellScriptBuildPhase;
			buildActionMask = 2147483647;
			files = (
			);
			inputFileListPaths = (
			);
			inputPaths = (
				"${PODS_PODFILE_DIR_PATH}/Podfile.lock",
				"${PODS_ROOT}/Manifest.lock",
			);
			name = "[CP] Check Pods Manifest.lock";
			outputFileListPaths = (
			);
			outputPaths = (
				"$(DERIVED_FILE_DIR)/Pods-Superheroes-checkManifestLockResult.txt",
			);
			runOnlyForDeploymentPostprocessing = 0;
			shellPath = /bin/sh;
			shellScript = "diff \"${PODS_PODFILE_DIR_PATH}/Podfile.lock\" \"${PODS_ROOT}/Manifest.lock\" > /dev/null\nif [ $? != 0 ] ; then\n    # print error to STDERR\n    echo \"error: The sandbox is not in sync with the Podfile.lock. Run 'pod install' or update your CocoaPods installation.\" >&2\n    exit 1\nfi\n# This output is used by Xcode 'outputs' to avoid re-running this script phase.\necho \"SUCCESS\" > \"${SCRIPT_OUTPUT_FILE_0}\"\n";
			showEnvVarsInLog = 0;
		};
		CB1FF7C54FC6EB1F31DF8EAD /* [CP] Embed Pods Frameworks */ = {
			isa = PBXShellScriptBuildPhase;
			buildActionMask = 2147483647;
			files = (
			);
			inputFileListPaths = (
				"${PODS_ROOT}/Target Support Files/Pods-Superheroes/Pods-Superheroes-frameworks-${CONFIGURATION}-input-files.xcfilelist",
			);
			name = "[CP] Embed Pods Frameworks";
			outputFileListPaths = (
				"${PODS_ROOT}/Target Support Files/Pods-Superheroes/Pods-Superheroes-frameworks-${CONFIGURATION}-output-files.xcfilelist",
			);
			runOnlyForDeploymentPostprocessing = 0;
			shellPath = /bin/sh;
			shellScript = "\"${PODS_ROOT}/Target Support Files/Pods-Superheroes/Pods-Superheroes-frameworks.sh\"\n";
			showEnvVarsInLog = 0;
		};
/* End PBXShellScriptBuildPhase section */

/* Begin PBXSourcesBuildPhase section */
		1B0BFAF4233628850054E28A /* Sources */ = {
			isa = PBXSourcesBuildPhase;
			buildActionMask = 2147483647;
			files = (
				1B0BFB572336303F0054E28A /* TabbarViewController.swift in Sources */,
				1BDD46A223AFFEAE0020AC54 /* Constants.swift in Sources */,
				3798864927D79E9E00B8FBF5 /* GradientView.swift in Sources */,
				1B0BFB3D23362A000054E28A /* FormatterInterface.swift in Sources */,
				37B5ED4427E1CF0400A28FEB /* BoolCompletition.swift in Sources */,
				1B0BFAFC233628850054E28A /* AppDelegate.swift in Sources */,
				1B0BFB562336303F0054E28A /* TabbarPresenter.swift in Sources */,
				371D73D127D0D34200BF93EB /* Heroes.swift in Sources */,
				371D73DB27D102AF00BF93EB /* DetailViewController.swift in Sources */,
				1B0BFB4623362B740054E28A /* BaseViewController.swift in Sources */,
				371D73C127D0C60800BF93EB /* RestClient+Superheroes.swift in Sources */,
				37268E7527CF6D390000F942 /* Colors.swift in Sources */,
				1BB2479523E6EE8000EBFD39 /* DataExtensions.swift in Sources */,
				374B9B7327D6326D001BF4A5 /* Devices.swift in Sources */,
				1B0BFB30233629890054E28A /* Initializable.swift in Sources */,
				1B0BFB4D23362F950054E28A /* LoggerInitializer.swift in Sources */,
				1B0BFB582336303F0054E28A /* TabbarInterfaces.swift in Sources */,
				372301F327DA23AB008C5853 /* CirclesStackView.swift in Sources */,
				371D73C727D0CA3B00BF93EB /* Biography.swift in Sources */,
				1B0BFB3C23362A000054E28A /* InteractorInterface.swift in Sources */,
				374B9B7827D637C1001BF4A5 /* InfoView.swift in Sources */,
				1B0BFB3A23362A000054E28A /* UIStoryboardExtension.swift in Sources */,
				37ED519327DB5A4300E96829 /* SpiderWebChartView.swift in Sources */,
				37E7F9EB27E85EB700BA303C /* FavoriteFightersCollectionViewCell.swift in Sources */,
				37268EC627CF99970000F942 /* SearchedCollectionViewCell.swift in Sources */,
				371D73DC27D102AF00BF93EB /* DetailInteractor.swift in Sources */,
				3702619627DF1F9400965843 /* FightWireframe.swift in Sources */,
				1B0BFB4723362B740054E28A /* BaseTabbarProtocolController.swift in Sources */,
				37268EAC27CF85C70000F942 /* Strings.swift in Sources */,
				371D73D327D0FD5200BF93EB /* RestClient+Typealias.swift in Sources */,
				377CFF0927D2436200BA3A31 /* StatButton.swift in Sources */,
				371D73C927D0CA5700BF93EB /* Connections.swift in Sources */,
				37268E8027CF6DCF0000F942 /* SearchWireframe.swift in Sources */,
				37268E7F27CF6DCF0000F942 /* SearchInteractor.swift in Sources */,
				37268E7427CF6D390000F942 /* Images.swift in Sources */,
				1B0BFB4A23362ECE0054E28A /* TabbarProtocol.swift in Sources */,
				37268E9B27CF75CB0000F942 /* FavoritesPresenter.swift in Sources */,
				1B0BFB592336303F0054E28A /* TabbarWireframe.swift in Sources */,
				1BCCB16227EF167F003FB3E8 /* UIApplication+Extensions.swift in Sources */,
				37268E8227CF6E2A0000F942 /* ViewControllerPreview.swift in Sources */,
				371D73C327D0C9CD00BF93EB /* Superheroes.swift in Sources */,
				371D73CF27D0CA9200BF93EB /* Work.swift in Sources */,
				1B0BFB4523362B740054E28A /* BaseResponse.swift in Sources */,
				371D73CB27D0CA6A00BF93EB /* Image.swift in Sources */,
				1B0BFB5B2336303F0054E28A /* TabbarInteractor.swift in Sources */,
				371D73CD27D0CA7F00BF93EB /* Powerstats.swift in Sources */,
				3759BC5E27E4C6D500F1D915 /* UIView+Ext.swift in Sources */,
				37268E9C27CF75CB0000F942 /* FavoritesViewController.swift in Sources */,
				1B0BFB4123362B240054E28A /* BaseNavigationController.swift in Sources */,
				37268E7D27CF6DCF0000F942 /* SearchPresenter.swift in Sources */,
				3702619227DF1F9400965843 /* FightInterfaces.swift in Sources */,
				374B9B7627D6367C001BF4A5 /* CharacteristicsView.swift in Sources */,
				37268E9E27CF75CB0000F942 /* FavoritesWireframe.swift in Sources */,
				37B5ED3F27E1CC8B00A28FEB /* DatabaseManager.swift in Sources */,
				3759BC5B27E4BEE300F1D915 /* FighterSelectorButton.swift in Sources */,
				3717C8A727EE0D2D000868F2 /* WinnerLoserView.swift in Sources */,
				3717C89E27EDE736000868F2 /* StackView+Ext.swift in Sources */,
				37F77A8D27DE07F400A6D58F /* CommentsView.swift in Sources */,
				1B0BFB3B23362A000054E28A /* BaseWireframe.swift in Sources */,
				371D73D927D102AF00BF93EB /* DetailInterfaces.swift in Sources */,
				3702619527DF1F9400965843 /* FightInteractor.swift in Sources */,
				371D73DA27D102AF00BF93EB /* DetailPresenter.swift in Sources */,
				371D73C527D0C9F400BF93EB /* Appearance.swift in Sources */,
				37268E7E27CF6DCF0000F942 /* SearchViewController.swift in Sources */,
				37EFE0AA27D1F594008F28EF /* Fonts.swift in Sources */,
				37268E7C27CF6DCF0000F942 /* SearchInterfaces.swift in Sources */,
				37268E9A27CF75CB0000F942 /* FavoritesInterfaces.swift in Sources */,
				37BDADE027D8D3F200C3AE2F /* NSTextAttachment.swift in Sources */,
				375D6D4927E9BB610052389A /* Comments.swift in Sources */,
				3717C8A027EDFA15000868F2 /* PointsStackView.swift in Sources */,
				37268E9D27CF75CB0000F942 /* FavoritesInteractor.swift in Sources */,
				3717C8A227EDFD85000868F2 /* FightersView.swift in Sources */,
				372301F127D9EF04008C5853 /* CircleShapeView.swift in Sources */,
				371D73DD27D102AF00BF93EB /* DetailWireframe.swift in Sources */,
				3702619327DF1F9400965843 /* FightPresenter.swift in Sources */,
				1B0BFB3923362A000054E28A /* ViewInterface.swift in Sources */,
				1B0BFB63233632C60054E28A /* RestClient.swift in Sources */,
				1B0BFB3E23362A000054E28A /* PresenterInterface.swift in Sources */,
				3702619427DF1F9400965843 /* FightViewController.swift in Sources */,
				37268EC827CFA5220000F942 /* EmptyView.swift in Sources */,
				37268E8727CF722D0000F942 /* String.swift in Sources */,
				37CAEE1827E4702100E06B61 /* AlertViewController.swift in Sources */,
				1BB2479223E6ED0500EBFD39 /* APIError.swift in Sources */,
			);
			runOnlyForDeploymentPostprocessing = 0;
		};
/* End PBXSourcesBuildPhase section */

/* Begin PBXVariantGroup section */
		1B0BFB06233628870054E28A /* LaunchScreen.storyboard */ = {
			isa = PBXVariantGroup;
			children = (
				1B0BFB07233628870054E28A /* Base */,
			);
			name = LaunchScreen.storyboard;
			sourceTree = "<group>";
		};
		37268E9227CF74A00000F942 /* Localizable.strings */ = {
			isa = PBXVariantGroup;
			children = (
				37268E9127CF74A00000F942 /* en */,
			);
			name = Localizable.strings;
			sourceTree = "<group>";
		};
/* End PBXVariantGroup section */

/* Begin XCBuildConfiguration section */
		1B0BFB20233628870054E28A /* Debug */ = {
			isa = XCBuildConfiguration;
			buildSettings = {
				ALWAYS_SEARCH_USER_PATHS = NO;
				CLANG_ANALYZER_NONNULL = YES;
				CLANG_ANALYZER_NUMBER_OBJECT_CONVERSION = YES_AGGRESSIVE;
				CLANG_CXX_LANGUAGE_STANDARD = "gnu++14";
				CLANG_CXX_LIBRARY = "libc++";
				CLANG_ENABLE_MODULES = YES;
				CLANG_ENABLE_OBJC_ARC = YES;
				CLANG_ENABLE_OBJC_WEAK = YES;
				CLANG_WARN_BLOCK_CAPTURE_AUTORELEASING = YES;
				CLANG_WARN_BOOL_CONVERSION = YES;
				CLANG_WARN_COMMA = YES;
				CLANG_WARN_CONSTANT_CONVERSION = YES;
				CLANG_WARN_DEPRECATED_OBJC_IMPLEMENTATIONS = YES;
				CLANG_WARN_DIRECT_OBJC_ISA_USAGE = YES_ERROR;
				CLANG_WARN_DOCUMENTATION_COMMENTS = YES;
				CLANG_WARN_EMPTY_BODY = YES;
				CLANG_WARN_ENUM_CONVERSION = YES;
				CLANG_WARN_INFINITE_RECURSION = YES;
				CLANG_WARN_INT_CONVERSION = YES;
				CLANG_WARN_NON_LITERAL_NULL_CONVERSION = YES;
				CLANG_WARN_OBJC_IMPLICIT_RETAIN_SELF = YES;
				CLANG_WARN_OBJC_LITERAL_CONVERSION = YES;
				CLANG_WARN_OBJC_ROOT_CLASS = YES_ERROR;
				CLANG_WARN_QUOTED_INCLUDE_IN_FRAMEWORK_HEADER = YES;
				CLANG_WARN_RANGE_LOOP_ANALYSIS = YES;
				CLANG_WARN_STRICT_PROTOTYPES = YES;
				CLANG_WARN_SUSPICIOUS_MOVE = YES;
				CLANG_WARN_UNGUARDED_AVAILABILITY = YES_AGGRESSIVE;
				CLANG_WARN_UNREACHABLE_CODE = YES;
				CLANG_WARN__DUPLICATE_METHOD_MATCH = YES;
				COPY_PHASE_STRIP = NO;
				DEBUG_INFORMATION_FORMAT = dwarf;
				ENABLE_STRICT_OBJC_MSGSEND = YES;
				ENABLE_TESTABILITY = YES;
				GCC_C_LANGUAGE_STANDARD = gnu11;
				GCC_DYNAMIC_NO_PIC = NO;
				GCC_NO_COMMON_BLOCKS = YES;
				GCC_OPTIMIZATION_LEVEL = 0;
				GCC_PREPROCESSOR_DEFINITIONS = (
					"DEBUG=1",
					"$(inherited)",
				);
				GCC_WARN_64_TO_32_BIT_CONVERSION = YES;
				GCC_WARN_ABOUT_RETURN_TYPE = YES_ERROR;
				GCC_WARN_UNDECLARED_SELECTOR = YES;
				GCC_WARN_UNINITIALIZED_AUTOS = YES_AGGRESSIVE;
				GCC_WARN_UNUSED_FUNCTION = YES;
				GCC_WARN_UNUSED_VARIABLE = YES;
				IPHONEOS_DEPLOYMENT_TARGET = 13.0;
				MTL_ENABLE_DEBUG_INFO = INCLUDE_SOURCE;
				MTL_FAST_MATH = YES;
				ONLY_ACTIVE_ARCH = YES;
				SDKROOT = iphoneos;
				SWIFT_ACTIVE_COMPILATION_CONDITIONS = DEBUG;
				SWIFT_OPTIMIZATION_LEVEL = "-Onone";
			};
			name = Debug;
		};
		1B0BFB21233628870054E28A /* Release */ = {
			isa = XCBuildConfiguration;
			buildSettings = {
				ALWAYS_SEARCH_USER_PATHS = NO;
				CLANG_ANALYZER_NONNULL = YES;
				CLANG_ANALYZER_NUMBER_OBJECT_CONVERSION = YES_AGGRESSIVE;
				CLANG_CXX_LANGUAGE_STANDARD = "gnu++14";
				CLANG_CXX_LIBRARY = "libc++";
				CLANG_ENABLE_MODULES = YES;
				CLANG_ENABLE_OBJC_ARC = YES;
				CLANG_ENABLE_OBJC_WEAK = YES;
				CLANG_WARN_BLOCK_CAPTURE_AUTORELEASING = YES;
				CLANG_WARN_BOOL_CONVERSION = YES;
				CLANG_WARN_COMMA = YES;
				CLANG_WARN_CONSTANT_CONVERSION = YES;
				CLANG_WARN_DEPRECATED_OBJC_IMPLEMENTATIONS = YES;
				CLANG_WARN_DIRECT_OBJC_ISA_USAGE = YES_ERROR;
				CLANG_WARN_DOCUMENTATION_COMMENTS = YES;
				CLANG_WARN_EMPTY_BODY = YES;
				CLANG_WARN_ENUM_CONVERSION = YES;
				CLANG_WARN_INFINITE_RECURSION = YES;
				CLANG_WARN_INT_CONVERSION = YES;
				CLANG_WARN_NON_LITERAL_NULL_CONVERSION = YES;
				CLANG_WARN_OBJC_IMPLICIT_RETAIN_SELF = YES;
				CLANG_WARN_OBJC_LITERAL_CONVERSION = YES;
				CLANG_WARN_OBJC_ROOT_CLASS = YES_ERROR;
				CLANG_WARN_QUOTED_INCLUDE_IN_FRAMEWORK_HEADER = YES;
				CLANG_WARN_RANGE_LOOP_ANALYSIS = YES;
				CLANG_WARN_STRICT_PROTOTYPES = YES;
				CLANG_WARN_SUSPICIOUS_MOVE = YES;
				CLANG_WARN_UNGUARDED_AVAILABILITY = YES_AGGRESSIVE;
				CLANG_WARN_UNREACHABLE_CODE = YES;
				CLANG_WARN__DUPLICATE_METHOD_MATCH = YES;
				COPY_PHASE_STRIP = NO;
				DEBUG_INFORMATION_FORMAT = "dwarf-with-dsym";
				ENABLE_NS_ASSERTIONS = NO;
				ENABLE_STRICT_OBJC_MSGSEND = YES;
				GCC_C_LANGUAGE_STANDARD = gnu11;
				GCC_NO_COMMON_BLOCKS = YES;
				GCC_WARN_64_TO_32_BIT_CONVERSION = YES;
				GCC_WARN_ABOUT_RETURN_TYPE = YES_ERROR;
				GCC_WARN_UNDECLARED_SELECTOR = YES;
				GCC_WARN_UNINITIALIZED_AUTOS = YES_AGGRESSIVE;
				GCC_WARN_UNUSED_FUNCTION = YES;
				GCC_WARN_UNUSED_VARIABLE = YES;
				IPHONEOS_DEPLOYMENT_TARGET = 13.0;
				MTL_ENABLE_DEBUG_INFO = NO;
				MTL_FAST_MATH = YES;
				SDKROOT = iphoneos;
				SWIFT_COMPILATION_MODE = wholemodule;
				SWIFT_OPTIMIZATION_LEVEL = "-O";
				VALIDATE_PRODUCT = YES;
			};
			name = Release;
		};
		1B0BFB23233628870054E28A /* Debug */ = {
			isa = XCBuildConfiguration;
			baseConfigurationReference = 2513255026424DDED545C458 /* Pods-Superheroes.debug.xcconfig */;
			buildSettings = {
				ASSETCATALOG_COMPILER_APPICON_NAME = AppIcon;
				CODE_SIGN_STYLE = Automatic;
				DEVELOPMENT_TEAM = 48KF4TL849;
				INFOPLIST_FILE = "$(SRCROOT)/Superheroes/SupportingFiles/Info.plist";
				IPHONEOS_DEPLOYMENT_TARGET = 13.0;
				LD_RUNPATH_SEARCH_PATHS = (
					"$(inherited)",
					"@executable_path/Frameworks",
				);
				PRODUCT_BUNDLE_IDENTIFIER = com.adamcseke.Superheroes;
				PRODUCT_NAME = "$(TARGET_NAME)";
				SWIFT_VERSION = 5.0;
				TARGETED_DEVICE_FAMILY = 1;
			};
			name = Debug;
		};
		1B0BFB24233628870054E28A /* Release */ = {
			isa = XCBuildConfiguration;
			baseConfigurationReference = 1B17106E75929F6F11346C30 /* Pods-Superheroes.release.xcconfig */;
			buildSettings = {
				ASSETCATALOG_COMPILER_APPICON_NAME = AppIcon;
				CODE_SIGN_STYLE = Automatic;
				DEVELOPMENT_TEAM = 48KF4TL849;
				INFOPLIST_FILE = "$(SRCROOT)/Superheroes/SupportingFiles/Info.plist";
				IPHONEOS_DEPLOYMENT_TARGET = 13.0;
				LD_RUNPATH_SEARCH_PATHS = (
					"$(inherited)",
					"@executable_path/Frameworks",
				);
				PRODUCT_BUNDLE_IDENTIFIER = com.adamcseke.Superheroes;
				PRODUCT_NAME = "$(TARGET_NAME)";
				SWIFT_VERSION = 5.0;
				TARGETED_DEVICE_FAMILY = 1;
			};
			name = Release;
		};
/* End XCBuildConfiguration section */

/* Begin XCConfigurationList section */
		1B0BFAF3233628850054E28A /* Build configuration list for PBXProject "Superheroes" */ = {
			isa = XCConfigurationList;
			buildConfigurations = (
				1B0BFB20233628870054E28A /* Debug */,
				1B0BFB21233628870054E28A /* Release */,
			);
			defaultConfigurationIsVisible = 0;
			defaultConfigurationName = Release;
		};
		1B0BFB22233628870054E28A /* Build configuration list for PBXNativeTarget "Superheroes" */ = {
			isa = XCConfigurationList;
			buildConfigurations = (
				1B0BFB23233628870054E28A /* Debug */,
				1B0BFB24233628870054E28A /* Release */,
			);
			defaultConfigurationIsVisible = 0;
			defaultConfigurationName = Release;
		};
/* End XCConfigurationList section */
	};
	rootObject = 1B0BFAF0233628850054E28A /* Project object */;
}
